
Microsoft Visual Studio Solution File, Format Version 11.00
# Visual Studio 2010
Project("{FAE04EC0-301F-11D3-BF4B-00C04F79EFBC}") = "APTXCODE", "APTXCODE.csproj", "{1A9C4F31-AC11-4415-9562-06CF8D9317B3}"
EndProject
Global
	GlobalSection(SolutionConfigurationPlatforms) = preSolution
		Debug|Any CPU = Debug|Any CPU
		Release|Any CPU = Release|Any CPU
	EndGlobalSection
	GlobalSection(ProjectConfigurationPlatforms) = postSolution
		{1A9C4F31-AC11-4415-9562-06CF8D9317B3}.Debug|Any CPU.ActiveCfg = Debug|Any CPU
		{1A9C4F31-AC11-4415-9562-06CF8D9317B3}.Debug|Any CPU.Build.0 = Debug|Any CPU
		{1A9C4F31-AC11-4415-9562-06CF8D9317B3}.Release|Any CPU.ActiveCfg = Release|Any CPU
		{1A9C4F31-AC11-4415-9562-06CF8D9317B3}.Release|Any CPU.Build.0 = Release|Any CPU
	EndGlobalSection
	GlobalSection(SolutionProperties) = preSolution
		HideSolutionNode = FALSE
	EndGlobalSection
EndGlobal
